
Microsoft Visual Studio Solution File, Format Version 12.00
# Visual Studio Version 17
VisualStudioVersion = 17.11.35303.130
MinimumVisualStudioVersion = 10.0.40219.1
Project("{FAE04EC0-301F-11D3-BF4B-00C04F79EFBC}") = "ScreenCapture", "ScreenCapture\ScreenCapture.csproj", "{136CA700-5B2B-4D9C-B98B-F67EF7D0085C}"
EndProject
Global
	GlobalSection(SolutionConfigurationPlatforms) = preSolution
		Debug|Any CPU = Debug|Any CPU
		Release|Any CPU = Release|Any CPU
	EndGlobalSection
	GlobalSection(ProjectConfigurationPlatforms) = postSolution
		{136CA700-5B2B-4D9C-B98B-F67EF7D0085C}.Debug|Any CPU.ActiveCfg = Debug|Any CPU
		{136CA700-5B2B-4D9C-B98B-F67EF7D0085C}.Debug|Any CPU.Build.0 = Debug|Any CPU
		{136CA700-5B2B-4D9C-B98B-F67EF7D0085C}.Release|Any CPU.ActiveCfg = Release|Any CPU
		{136CA700-5B2B-4D9C-B98B-F67EF7D0085C}.Release|Any CPU.Build.0 = Release|Any CPU
	EndGlobalSection
	GlobalSection(SolutionProperties) = preSolution
		HideSolutionNode = FALSE
	EndGlobalSection
	GlobalSection(ExtensibilityGlobals) = postSolution
		SolutionGuid = {9CAAAE50-A047-45AA-9801-49298924569B}
	EndGlobalSection
EndGlobal
